
Microsoft Visual Studio Solution File, Format Version 12.00
# Visual Studio Version 16
VisualStudioVersion = 16.0.30204.135
MinimumVisualStudioVersion = 10.0.40219.1
Project("{FAE04EC0-301F-11D3-BF4B-00C04F79EFBC}") = "AutoBackUp", "AutoBackUp.csproj", "{5404391C-B9FA-4E41-B007-36A98073D7DE}"
EndProject
Global
	GlobalSection(SolutionConfigurationPlatforms) = preSolution
		Debug|Any CPU = Debug|Any CPU
		Release|Any CPU = Release|Any CPU
	EndGlobalSection
	GlobalSection(ProjectConfigurationPlatforms) = postSolution
		{5404391C-B9FA-4E41-B007-36A98073D7DE}.Debug|Any CPU.ActiveCfg = Debug|Any CPU
		{5404391C-B9FA-4E41-B007-36A98073D7DE}.Debug|Any CPU.Build.0 = Debug|Any CPU
		{5404391C-B9FA-4E41-B007-36A98073D7DE}.Release|Any CPU.ActiveCfg = Release|Any CPU
		{5404391C-B9FA-4E41-B007-36A98073D7DE}.Release|Any CPU.Build.0 = Release|Any CPU
	EndGlobalSection
	GlobalSection(SolutionProperties) = preSolution
		HideSolutionNode = FALSE
	EndGlobalSection
	GlobalSection(ExtensibilityGlobals) = postSolution
		SolutionGuid = {3288030B-A6A5-448F-B2E3-2ED2F5328B27}
	EndGlobalSection
EndGlobal
